# This file is automatically @generated by Cargo.
# It is not intended for manual editing.
version = 3

[[package]]
name = "mrt-ai"
version = "0.1.0"

[[package]]
name = "mrt-ast"
version = "0.1.0"
dependencies = [
 "mrt-diagnostics",
 "mrt-lexer",
]

[[package]]
name = "mrt-check"
version = "0.1.0"
dependencies = [
 "mrt-ast",
 "mrt-diagnostics",
 "mrt-interp",
 "mrt-lexer",
 "mrt-parser",
 "mrt-resolver",
]

[[package]]
name = "mrt-diagnostics"
version = "0.1.0"

[[package]]
name = "mrt-game"
version = "0.1.0"

[[package]]
name = "mrt-interp"
version = "0.1.0"
dependencies = [
 "mrt-ai",
 "mrt-ast",
 "mrt-diagnostics",
 "mrt-game",
 "mrt-parser",
]

[[package]]
name = "mrt-lexer"
version = "0.1.0"
dependencies = [
 "mrt-diagnostics",
]

[[package]]
name = "mrt-parser"
version = "0.1.0"
dependencies = [
 "mrt-ast",
 "mrt-diagnostics",
 "mrt-lexer",
]

[[package]]
name = "mrt-resolver"
version = "0.1.0"
dependencies = [
 "mrt-ast",
 "mrt-diagnostics",
 "mrt-parser",
]
