# This file is automatically @generated by Cargo.
# It is not intended for manual editing.
version = 3

[[package]]
name = "mrt-ast"
version = "0.1.0"
dependencies = [
 "mrt-diagnostics",
 "mrt-lexer",
]

[[package]]
name = "mrt-check"
version = "0.1.0"
dependencies = [
 "mrt-ast",
 "mrt-diagnostics",
 "mrt-lexer",
 "mrt-parser",
]

[[package]]
name = "mrt-diagnostics"
version = "0.1.0"

[[package]]
name = "mrt-lexer"
version = "0.1.0"
dependencies = [
 "mrt-diagnostics",
]

[[package]]
name = "mrt-parser"
version = "0.1.0"
dependencies = [
 "mrt-ast",
 "mrt-diagnostics",
 "mrt-lexer",
]
